
Microsoft Visual Studio Solution File, Format Version 12.00
# Visual Studio 2012
Project("{FAE04EC0-301F-11D3-BF4B-00C04F79EFBC}") = "Conditional-statement", "Conditional-statement\Conditional-statement.csproj", "{BA50FF6C-67C2-4864-BAA1-19340CCA7476}"
EndProject
Global
	GlobalSection(SolutionConfigurationPlatforms) = preSolution
		Debug|x86 = Debug|x86
		Release|x86 = Release|x86
	EndGlobalSection
	GlobalSection(ProjectConfigurationPlatforms) = postSolution
		{BA50FF6C-67C2-4864-BAA1-19340CCA7476}.Debug|x86.ActiveCfg = Debug|x86
		{BA50FF6C-67C2-4864-BAA1-19340CCA7476}.Debug|x86.Build.0 = Debug|x86
		{BA50FF6C-67C2-4864-BAA1-19340CCA7476}.Release|x86.ActiveCfg = Release|x86
		{BA50FF6C-67C2-4864-BAA1-19340CCA7476}.Release|x86.Build.0 = Release|x86
	EndGlobalSection
EndGlobal
